
Microsoft Visual Studio Solution File, Format Version 12.00
# Visual Studio Version 17
VisualStudioVersion = 17.3.32901.215
MinimumVisualStudioVersion = 10.0.40219.1
Project("{FAE04EC0-301F-11D3-BF4B-00C04F79EFBC}") = "soru not hesaplamaa", "soru not hesaplamaa\soru not hesaplamaa.csproj", "{27A9447B-B564-46FF-9E1F-F08A25D8597F}"
EndProject
Global
	GlobalSection(SolutionConfigurationPlatforms) = preSolution
		Debug|Any CPU = Debug|Any CPU
		Release|Any CPU = Release|Any CPU
	EndGlobalSection
	GlobalSection(ProjectConfigurationPlatforms) = postSolution
		{27A9447B-B564-46FF-9E1F-F08A25D8597F}.Debug|Any CPU.ActiveCfg = Debug|Any CPU
		{27A9447B-B564-46FF-9E1F-F08A25D8597F}.Debug|Any CPU.Build.0 = Debug|Any CPU
		{27A9447B-B564-46FF-9E1F-F08A25D8597F}.Release|Any CPU.ActiveCfg = Release|Any CPU
		{27A9447B-B564-46FF-9E1F-F08A25D8597F}.Release|Any CPU.Build.0 = Release|Any CPU
	EndGlobalSection
	GlobalSection(SolutionProperties) = preSolution
		HideSolutionNode = FALSE
	EndGlobalSection
	GlobalSection(ExtensibilityGlobals) = postSolution
		SolutionGuid = {064CD75C-1DF6-4288-9EFC-96A34D1BBB75}
	EndGlobalSection
EndGlobal
